
Microsoft Visual Studio Solution File, Format Version 12.00
# Visual Studio Version 17
VisualStudioVersion = 17.2.32630.192
MinimumVisualStudioVersion = 10.0.40219.1
Project("{FAE04EC0-301F-11D3-BF4B-00C04F79EFBC}") = "HomeWork3", "ConsoleApp\HomeWork3.csproj", "{93BDD60C-8AFB-48B0-94C2-3FE27964D75F}"
EndProject
Project("{9A19103F-16F7-4668-BE54-9A1E7A4F7556}") = "HomeWork4", "HomeWork4\HomeWork4.csproj", "{0C97CE07-BF5B-4760-AA9E-A018C01E2BC7}"
EndProject
Project("{9A19103F-16F7-4668-BE54-9A1E7A4F7556}") = "HomeWork5", "HomeWork5\HomeWork5.csproj", "{285DE6BD-A588-4999-ADDB-2F5D3DB0B82D}"
EndProject
Project("{9A19103F-16F7-4668-BE54-9A1E7A4F7556}") = "CashMachine", "CashMachine\CashMachine.csproj", "{D606E0A5-566B-4EF6-85FD-9A3FD05FEB27}"
EndProject
Project("{9A19103F-16F7-4668-BE54-9A1E7A4F7556}") = "Lesson9", "Lesson9\Lesson9.csproj", "{67A060AF-E6CD-404E-8802-CBDA2218C30C}"
EndProject
Project("{9A19103F-16F7-4668-BE54-9A1E7A4F7556}") = "HomeWork6", "HomeWork6\HomeWork6.csproj", "{C1623CA6-8A6F-4A38-BCEB-412B0A03C109}"
EndProject
Project("{9A19103F-16F7-4668-BE54-9A1E7A4F7556}") = "HomeWork7", "HomeWork7\HomeWork7.csproj", "{CA5F0900-28E8-4578-8D2C-BD3C1AB52442}"
EndProject
Project("{9A19103F-16F7-4668-BE54-9A1E7A4F7556}") = "HomeWork8", "HomeWork8\HomeWork8.csproj", "{D1B41A9D-BE3A-425E-ACB6-A576B3603247}"
EndProject
Project("{9A19103F-16F7-4668-BE54-9A1E7A4F7556}") = "HomeWork9", "HomeWork9\HomeWork9.csproj", "{61786055-ACBA-4443-B414-04ACA0E350E9}"
EndProject
Project("{9A19103F-16F7-4668-BE54-9A1E7A4F7556}") = "Coursework", "Coursework\Coursework.csproj", "{6CB759B4-B571-4470-8805-8F3B38E708E6}"
EndProject
Global
	GlobalSection(SolutionConfigurationPlatforms) = preSolution
		Debug|Any CPU = Debug|Any CPU
		Release|Any CPU = Release|Any CPU
	EndGlobalSection
	GlobalSection(ProjectConfigurationPlatforms) = postSolution
		{93BDD60C-8AFB-48B0-94C2-3FE27964D75F}.Debug|Any CPU.ActiveCfg = Debug|Any CPU
		{93BDD60C-8AFB-48B0-94C2-3FE27964D75F}.Debug|Any CPU.Build.0 = Debug|Any CPU
		{93BDD60C-8AFB-48B0-94C2-3FE27964D75F}.Release|Any CPU.ActiveCfg = Release|Any CPU
		{93BDD60C-8AFB-48B0-94C2-3FE27964D75F}.Release|Any CPU.Build.0 = Release|Any CPU
		{0C97CE07-BF5B-4760-AA9E-A018C01E2BC7}.Debug|Any CPU.ActiveCfg = Debug|Any CPU
		{0C97CE07-BF5B-4760-AA9E-A018C01E2BC7}.Debug|Any CPU.Build.0 = Debug|Any CPU
		{0C97CE07-BF5B-4760-AA9E-A018C01E2BC7}.Release|Any CPU.ActiveCfg = Release|Any CPU
		{0C97CE07-BF5B-4760-AA9E-A018C01E2BC7}.Release|Any CPU.Build.0 = Release|Any CPU
		{285DE6BD-A588-4999-ADDB-2F5D3DB0B82D}.Debug|Any CPU.ActiveCfg = Debug|Any CPU
		{285DE6BD-A588-4999-ADDB-2F5D3DB0B82D}.Debug|Any CPU.Build.0 = Debug|Any CPU
		{285DE6BD-A588-4999-ADDB-2F5D3DB0B82D}.Release|Any CPU.ActiveCfg = Release|Any CPU
		{285DE6BD-A588-4999-ADDB-2F5D3DB0B82D}.Release|Any CPU.Build.0 = Release|Any CPU
		{D606E0A5-566B-4EF6-85FD-9A3FD05FEB27}.Debug|Any CPU.ActiveCfg = Debug|Any CPU
		{D606E0A5-566B-4EF6-85FD-9A3FD05FEB27}.Debug|Any CPU.Build.0 = Debug|Any CPU
		{D606E0A5-566B-4EF6-85FD-9A3FD05FEB27}.Release|Any CPU.ActiveCfg = Release|Any CPU
		{D606E0A5-566B-4EF6-85FD-9A3FD05FEB27}.Release|Any CPU.Build.0 = Release|Any CPU
		{67A060AF-E6CD-404E-8802-CBDA2218C30C}.Debug|Any CPU.ActiveCfg = Debug|Any CPU
		{67A060AF-E6CD-404E-8802-CBDA2218C30C}.Debug|Any CPU.Build.0 = Debug|Any CPU
		{67A060AF-E6CD-404E-8802-CBDA2218C30C}.Release|Any CPU.ActiveCfg = Release|Any CPU
		{67A060AF-E6CD-404E-8802-CBDA2218C30C}.Release|Any CPU.Build.0 = Release|Any CPU
		{C1623CA6-8A6F-4A38-BCEB-412B0A03C109}.Debug|Any CPU.ActiveCfg = Debug|Any CPU
		{C1623CA6-8A6F-4A38-BCEB-412B0A03C109}.Debug|Any CPU.Build.0 = Debug|Any CPU
		{C1623CA6-8A6F-4A38-BCEB-412B0A03C109}.Release|Any CPU.ActiveCfg = Release|Any CPU
		{C1623CA6-8A6F-4A38-BCEB-412B0A03C109}.Release|Any CPU.Build.0 = Release|Any CPU
		{CA5F0900-28E8-4578-8D2C-BD3C1AB52442}.Debug|Any CPU.ActiveCfg = Debug|Any CPU
		{CA5F0900-28E8-4578-8D2C-BD3C1AB52442}.Debug|Any CPU.Build.0 = Debug|Any CPU
		{CA5F0900-28E8-4578-8D2C-BD3C1AB52442}.Release|Any CPU.ActiveCfg = Release|Any CPU
		{CA5F0900-28E8-4578-8D2C-BD3C1AB52442}.Release|Any CPU.Build.0 = Release|Any CPU
		{D1B41A9D-BE3A-425E-ACB6-A576B3603247}.Debug|Any CPU.ActiveCfg = Debug|Any CPU
		{D1B41A9D-BE3A-425E-ACB6-A576B3603247}.Debug|Any CPU.Build.0 = Debug|Any CPU
		{D1B41A9D-BE3A-425E-ACB6-A576B3603247}.Release|Any CPU.ActiveCfg = Release|Any CPU
		{D1B41A9D-BE3A-425E-ACB6-A576B3603247}.Release|Any CPU.Build.0 = Release|Any CPU
		{61786055-ACBA-4443-B414-04ACA0E350E9}.Debug|Any CPU.ActiveCfg = Debug|Any CPU
		{61786055-ACBA-4443-B414-04ACA0E350E9}.Debug|Any CPU.Build.0 = Debug|Any CPU
		{61786055-ACBA-4443-B414-04ACA0E350E9}.Release|Any CPU.ActiveCfg = Release|Any CPU
		{61786055-ACBA-4443-B414-04ACA0E350E9}.Release|Any CPU.Build.0 = Release|Any CPU
		{6CB759B4-B571-4470-8805-8F3B38E708E6}.Debug|Any CPU.ActiveCfg = Debug|Any CPU
		{6CB759B4-B571-4470-8805-8F3B38E708E6}.Debug|Any CPU.Build.0 = Debug|Any CPU
		{6CB759B4-B571-4470-8805-8F3B38E708E6}.Release|Any CPU.ActiveCfg = Release|Any CPU
		{6CB759B4-B571-4470-8805-8F3B38E708E6}.Release|Any CPU.Build.0 = Release|Any CPU
	EndGlobalSection
	GlobalSection(SolutionProperties) = preSolution
		HideSolutionNode = FALSE
	EndGlobalSection
	GlobalSection(ExtensibilityGlobals) = postSolution
		SolutionGuid = {5C70AE88-99A9-4D49-B251-1750BB69E2EB}
	EndGlobalSection
EndGlobal
