
Microsoft Visual Studio Solution File, Format Version 12.00
# Visual Studio Version 17
VisualStudioVersion = 17.2.32630.192
MinimumVisualStudioVersion = 10.0.40219.1
Project("{FAE04EC0-301F-11D3-BF4B-00C04F79EFBC}") = "HomeWork3", "ConsoleApp\HomeWork3.csproj", "{93BDD60C-8AFB-48B0-94C2-3FE27964D75F}"
EndProject
Global
	GlobalSection(SolutionConfigurationPlatforms) = preSolution
		Debug|Any CPU = Debug|Any CPU
		Release|Any CPU = Release|Any CPU
	EndGlobalSection
	GlobalSection(ProjectConfigurationPlatforms) = postSolution
		{93BDD60C-8AFB-48B0-94C2-3FE27964D75F}.Debug|Any CPU.ActiveCfg = Debug|Any CPU
		{93BDD60C-8AFB-48B0-94C2-3FE27964D75F}.Debug|Any CPU.Build.0 = Debug|Any CPU
		{93BDD60C-8AFB-48B0-94C2-3FE27964D75F}.Release|Any CPU.ActiveCfg = Release|Any CPU
		{93BDD60C-8AFB-48B0-94C2-3FE27964D75F}.Release|Any CPU.Build.0 = Release|Any CPU
	EndGlobalSection
	GlobalSection(SolutionProperties) = preSolution
		HideSolutionNode = FALSE
	EndGlobalSection
	GlobalSection(ExtensibilityGlobals) = postSolution
		SolutionGuid = {5C70AE88-99A9-4D49-B251-1750BB69E2EB}
	EndGlobalSection
EndGlobal
